
Microsoft Visual Studio Solution File, Format Version 12.00
# Visual Studio Version 16
VisualStudioVersion = 16.0.30011.22
MinimumVisualStudioVersion = 10.0.40219.1
Project("{FAE04EC0-301F-11D3-BF4B-00C04F79EFBC}") = "Profile.Android", "Profile\Profile.Android\Profile.Android.csproj", "{F77E174F-1BE4-46E9-8A5B-1A5C9913121A}"
EndProject
Project("{FAE04EC0-301F-11D3-BF4B-00C04F79EFBC}") = "Profile.iOS", "Profile\Profile.iOS\Profile.iOS.csproj", "{306D3EAB-8ED7-484B-AE12-73FA0D668A12}"
EndProject
Project("{9A19103F-16F7-4668-BE54-9A1E7A4F7556}") = "Profile", "Profile\Profile\Profile.csproj", "{9BA321BA-FBA3-4F8C-BFC3-F22714569FF7}"
EndProject
Global
	GlobalSection(SolutionConfigurationPlatforms) = preSolution
		Debug|Any CPU = Debug|Any CPU
		Debug|iPhone = Debug|iPhone
		Debug|iPhoneSimulator = Debug|iPhoneSimulator
		Release|Any CPU = Release|Any CPU
		Release|iPhone = Release|iPhone
		Release|iPhoneSimulator = Release|iPhoneSimulator
	EndGlobalSection
	GlobalSection(ProjectConfigurationPlatforms) = postSolution
		{F77E174F-1BE4-46E9-8A5B-1A5C9913121A}.Debug|Any CPU.ActiveCfg = Debug|Any CPU
		{F77E174F-1BE4-46E9-8A5B-1A5C9913121A}.Debug|Any CPU.Build.0 = Debug|Any CPU
		{F77E174F-1BE4-46E9-8A5B-1A5C9913121A}.Debug|Any CPU.Deploy.0 = Debug|Any CPU
		{F77E174F-1BE4-46E9-8A5B-1A5C9913121A}.Debug|iPhone.ActiveCfg = Debug|Any CPU
		{F77E174F-1BE4-46E9-8A5B-1A5C9913121A}.Debug|iPhone.Build.0 = Debug|Any CPU
		{F77E174F-1BE4-46E9-8A5B-1A5C9913121A}.Debug|iPhone.Deploy.0 = Debug|Any CPU
		{F77E174F-1BE4-46E9-8A5B-1A5C9913121A}.Debug|iPhoneSimulator.ActiveCfg = Debug|Any CPU
		{F77E174F-1BE4-46E9-8A5B-1A5C9913121A}.Debug|iPhoneSimulator.Build.0 = Debug|Any CPU
		{F77E174F-1BE4-46E9-8A5B-1A5C9913121A}.Debug|iPhoneSimulator.Deploy.0 = Debug|Any CPU
		{F77E174F-1BE4-46E9-8A5B-1A5C9913121A}.Release|Any CPU.ActiveCfg = Release|Any CPU
		{F77E174F-1BE4-46E9-8A5B-1A5C9913121A}.Release|Any CPU.Build.0 = Release|Any CPU
		{F77E174F-1BE4-46E9-8A5B-1A5C9913121A}.Release|Any CPU.Deploy.0 = Release|Any CPU
		{F77E174F-1BE4-46E9-8A5B-1A5C9913121A}.Release|iPhone.ActiveCfg = Release|Any CPU
		{F77E174F-1BE4-46E9-8A5B-1A5C9913121A}.Release|iPhone.Build.0 = Release|Any CPU
		{F77E174F-1BE4-46E9-8A5B-1A5C9913121A}.Release|iPhone.Deploy.0 = Release|Any CPU
		{F77E174F-1BE4-46E9-8A5B-1A5C9913121A}.Release|iPhoneSimulator.ActiveCfg = Release|Any CPU
		{F77E174F-1BE4-46E9-8A5B-1A5C9913121A}.Release|iPhoneSimulator.Build.0 = Release|Any CPU
		{F77E174F-1BE4-46E9-8A5B-1A5C9913121A}.Release|iPhoneSimulator.Deploy.0 = Release|Any CPU
		{306D3EAB-8ED7-484B-AE12-73FA0D668A12}.Debug|Any CPU.ActiveCfg = Debug|iPhoneSimulator
		{306D3EAB-8ED7-484B-AE12-73FA0D668A12}.Debug|Any CPU.Build.0 = Debug|iPhoneSimulator
		{306D3EAB-8ED7-484B-AE12-73FA0D668A12}.Debug|Any CPU.Deploy.0 = Debug|iPhoneSimulator
		{306D3EAB-8ED7-484B-AE12-73FA0D668A12}.Debug|iPhone.ActiveCfg = Debug|iPhone
		{306D3EAB-8ED7-484B-AE12-73FA0D668A12}.Debug|iPhone.Build.0 = Debug|iPhone
		{306D3EAB-8ED7-484B-AE12-73FA0D668A12}.Debug|iPhone.Deploy.0 = Debug|iPhone
		{306D3EAB-8ED7-484B-AE12-73FA0D668A12}.Debug|iPhoneSimulator.ActiveCfg = Debug|iPhoneSimulator
		{306D3EAB-8ED7-484B-AE12-73FA0D668A12}.Debug|iPhoneSimulator.Build.0 = Debug|iPhoneSimulator
		{306D3EAB-8ED7-484B-AE12-73FA0D668A12}.Debug|iPhoneSimulator.Deploy.0 = Debug|iPhoneSimulator
		{306D3EAB-8ED7-484B-AE12-73FA0D668A12}.Release|Any CPU.ActiveCfg = Release|iPhone
		{306D3EAB-8ED7-484B-AE12-73FA0D668A12}.Release|Any CPU.Build.0 = Release|iPhone
		{306D3EAB-8ED7-484B-AE12-73FA0D668A12}.Release|Any CPU.Deploy.0 = Release|iPhone
		{306D3EAB-8ED7-484B-AE12-73FA0D668A12}.Release|iPhone.ActiveCfg = Release|iPhone
		{306D3EAB-8ED7-484B-AE12-73FA0D668A12}.Release|iPhone.Build.0 = Release|iPhone
		{306D3EAB-8ED7-484B-AE12-73FA0D668A12}.Release|iPhone.Deploy.0 = Release|iPhone
		{306D3EAB-8ED7-484B-AE12-73FA0D668A12}.Release|iPhoneSimulator.ActiveCfg = Release|iPhoneSimulator
		{306D3EAB-8ED7-484B-AE12-73FA0D668A12}.Release|iPhoneSimulator.Build.0 = Release|iPhoneSimulator
		{306D3EAB-8ED7-484B-AE12-73FA0D668A12}.Release|iPhoneSimulator.Deploy.0 = Release|iPhoneSimulator
		{9BA321BA-FBA3-4F8C-BFC3-F22714569FF7}.Debug|Any CPU.ActiveCfg = Debug|Any CPU
		{9BA321BA-FBA3-4F8C-BFC3-F22714569FF7}.Debug|Any CPU.Build.0 = Debug|Any CPU
		{9BA321BA-FBA3-4F8C-BFC3-F22714569FF7}.Debug|Any CPU.Deploy.0 = Debug|Any CPU
		{9BA321BA-FBA3-4F8C-BFC3-F22714569FF7}.Debug|iPhone.ActiveCfg = Debug|Any CPU
		{9BA321BA-FBA3-4F8C-BFC3-F22714569FF7}.Debug|iPhone.Build.0 = Debug|Any CPU
		{9BA321BA-FBA3-4F8C-BFC3-F22714569FF7}.Debug|iPhone.Deploy.0 = Debug|Any CPU
		{9BA321BA-FBA3-4F8C-BFC3-F22714569FF7}.Debug|iPhoneSimulator.ActiveCfg = Debug|Any CPU
		{9BA321BA-FBA3-4F8C-BFC3-F22714569FF7}.Debug|iPhoneSimulator.Build.0 = Debug|Any CPU
		{9BA321BA-FBA3-4F8C-BFC3-F22714569FF7}.Debug|iPhoneSimulator.Deploy.0 = Debug|Any CPU
		{9BA321BA-FBA3-4F8C-BFC3-F22714569FF7}.Release|Any CPU.ActiveCfg = Release|Any CPU
		{9BA321BA-FBA3-4F8C-BFC3-F22714569FF7}.Release|Any CPU.Build.0 = Release|Any CPU
		{9BA321BA-FBA3-4F8C-BFC3-F22714569FF7}.Release|Any CPU.Deploy.0 = Release|Any CPU
		{9BA321BA-FBA3-4F8C-BFC3-F22714569FF7}.Release|iPhone.ActiveCfg = Release|Any CPU
		{9BA321BA-FBA3-4F8C-BFC3-F22714569FF7}.Release|iPhone.Build.0 = Release|Any CPU
		{9BA321BA-FBA3-4F8C-BFC3-F22714569FF7}.Release|iPhone.Deploy.0 = Release|Any CPU
		{9BA321BA-FBA3-4F8C-BFC3-F22714569FF7}.Release|iPhoneSimulator.ActiveCfg = Release|Any CPU
		{9BA321BA-FBA3-4F8C-BFC3-F22714569FF7}.Release|iPhoneSimulator.Build.0 = Release|Any CPU
		{9BA321BA-FBA3-4F8C-BFC3-F22714569FF7}.Release|iPhoneSimulator.Deploy.0 = Release|Any CPU
	EndGlobalSection
	GlobalSection(SolutionProperties) = preSolution
		HideSolutionNode = FALSE
	EndGlobalSection
	GlobalSection(ExtensibilityGlobals) = postSolution
		SolutionGuid = {086C40A6-8C80-4365-8950-9EE7931F6190}
	EndGlobalSection
EndGlobal
